
Microsoft Visual Studio Solution File, Format Version 12.00
# Visual Studio Version 17
VisualStudioVersion = 17.11.35222.181
MinimumVisualStudioVersion = 10.0.40219.1
Project("{FAE04EC0-301F-11D3-BF4B-00C04F79EFBC}") = "Project_Angular_Senti.Server", "Project_Angular_Senti.Server\Project_Angular_Senti.Server.csproj", "{171FE0C0-EF7A-4521-8550-6F92E2E4375A}"
EndProject
Project("{54A90642-561A-4BB1-A94E-469ADEE60C69}") = "project_angular_senti.client", "project_angular_senti.client\project_angular_senti.client.esproj", "{C1683C27-6512-47D7-ADF2-C8A99EC2EDAC}"
EndProject
Global
	GlobalSection(SolutionConfigurationPlatforms) = preSolution
		Debug|Any CPU = Debug|Any CPU
		Release|Any CPU = Release|Any CPU
	EndGlobalSection
	GlobalSection(ProjectConfigurationPlatforms) = postSolution
		{171FE0C0-EF7A-4521-8550-6F92E2E4375A}.Debug|Any CPU.ActiveCfg = Debug|Any CPU
		{171FE0C0-EF7A-4521-8550-6F92E2E4375A}.Debug|Any CPU.Build.0 = Debug|Any CPU
		{171FE0C0-EF7A-4521-8550-6F92E2E4375A}.Release|Any CPU.ActiveCfg = Release|Any CPU
		{171FE0C0-EF7A-4521-8550-6F92E2E4375A}.Release|Any CPU.Build.0 = Release|Any CPU
		{C1683C27-6512-47D7-ADF2-C8A99EC2EDAC}.Debug|Any CPU.ActiveCfg = Debug|Any CPU
		{C1683C27-6512-47D7-ADF2-C8A99EC2EDAC}.Debug|Any CPU.Build.0 = Debug|Any CPU
		{C1683C27-6512-47D7-ADF2-C8A99EC2EDAC}.Debug|Any CPU.Deploy.0 = Debug|Any CPU
		{C1683C27-6512-47D7-ADF2-C8A99EC2EDAC}.Release|Any CPU.ActiveCfg = Release|Any CPU
		{C1683C27-6512-47D7-ADF2-C8A99EC2EDAC}.Release|Any CPU.Build.0 = Release|Any CPU
		{C1683C27-6512-47D7-ADF2-C8A99EC2EDAC}.Release|Any CPU.Deploy.0 = Release|Any CPU
	EndGlobalSection
	GlobalSection(SolutionProperties) = preSolution
		HideSolutionNode = FALSE
	EndGlobalSection
	GlobalSection(ExtensibilityGlobals) = postSolution
		SolutionGuid = {28FC9639-D478-452A-90FE-8A5E1C5E2F4E}
	EndGlobalSection
EndGlobal
